
Microsoft Visual Studio Solution File, Format Version 12.00
# Visual Studio Version 16
VisualStudioVersion = 16.0.32630.194
MinimumVisualStudioVersion = 10.0.40219.1
Project("{8BC9CEB8-8B4A-11D0-8D11-00A0C91BC942}") = "02 数据类型", "02 数据类型.vcxproj", "{1513E45A-35CE-4984-856B-89C4A42292DC}"
EndProject
Global
	GlobalSection(SolutionConfigurationPlatforms) = preSolution
		Debug|x64 = Debug|x64
		Debug|x86 = Debug|x86
		Release|x64 = Release|x64
		Release|x86 = Release|x86
	EndGlobalSection
	GlobalSection(ProjectConfigurationPlatforms) = postSolution
		{1513E45A-35CE-4984-856B-89C4A42292DC}.Debug|x64.ActiveCfg = Debug|x64
		{1513E45A-35CE-4984-856B-89C4A42292DC}.Debug|x64.Build.0 = Debug|x64
		{1513E45A-35CE-4984-856B-89C4A42292DC}.Debug|x86.ActiveCfg = Debug|Win32
		{1513E45A-35CE-4984-856B-89C4A42292DC}.Debug|x86.Build.0 = Debug|Win32
		{1513E45A-35CE-4984-856B-89C4A42292DC}.Release|x64.ActiveCfg = Release|x64
		{1513E45A-35CE-4984-856B-89C4A42292DC}.Release|x64.Build.0 = Release|x64
		{1513E45A-35CE-4984-856B-89C4A42292DC}.Release|x86.ActiveCfg = Release|Win32
		{1513E45A-35CE-4984-856B-89C4A42292DC}.Release|x86.Build.0 = Release|Win32
	EndGlobalSection
	GlobalSection(SolutionProperties) = preSolution
		HideSolutionNode = FALSE
	EndGlobalSection
	GlobalSection(ExtensibilityGlobals) = postSolution
		SolutionGuid = {669A408F-5B02-40D0-B204-2639D5ABB27F}
	EndGlobalSection
EndGlobal
